
Microsoft Visual Studio Solution File, Format Version 12.00
# Visual Studio Version 16
VisualStudioVersion = 16.0.29519.181
MinimumVisualStudioVersion = 10.0.40219.1
Project("{FAE04EC0-301F-11D3-BF4B-00C04F79EFBC}") = "FirstLastLetterChange_16", "FirstLastLetterChange_16.csproj", "{6C5BFF52-3493-456A-8F28-BF39C0ED6458}"
EndProject
Global
	GlobalSection(SolutionConfigurationPlatforms) = preSolution
		Debug|Any CPU = Debug|Any CPU
		Release|Any CPU = Release|Any CPU
	EndGlobalSection
	GlobalSection(ProjectConfigurationPlatforms) = postSolution
		{6C5BFF52-3493-456A-8F28-BF39C0ED6458}.Debug|Any CPU.ActiveCfg = Debug|Any CPU
		{6C5BFF52-3493-456A-8F28-BF39C0ED6458}.Debug|Any CPU.Build.0 = Debug|Any CPU
		{6C5BFF52-3493-456A-8F28-BF39C0ED6458}.Release|Any CPU.ActiveCfg = Release|Any CPU
		{6C5BFF52-3493-456A-8F28-BF39C0ED6458}.Release|Any CPU.Build.0 = Release|Any CPU
	EndGlobalSection
	GlobalSection(SolutionProperties) = preSolution
		HideSolutionNode = FALSE
	EndGlobalSection
	GlobalSection(ExtensibilityGlobals) = postSolution
		SolutionGuid = {1677C005-5F5E-46AA-90D1-AE18B4E798D0}
	EndGlobalSection
EndGlobal
