
Microsoft Visual Studio Solution File, Format Version 12.00
# Visual Studio Version 16
VisualStudioVersion = 16.0.29519.181
MinimumVisualStudioVersion = 10.0.40219.1
Project("{FAE04EC0-301F-11D3-BF4B-00C04F79EFBC}") = "HolZZakGame", "HolZZakGame.csproj", "{D4E6360F-6788-4F7D-B817-C74BD5E51B47}"
EndProject
Global
	GlobalSection(SolutionConfigurationPlatforms) = preSolution
		Debug|Any CPU = Debug|Any CPU
		Release|Any CPU = Release|Any CPU
	EndGlobalSection
	GlobalSection(ProjectConfigurationPlatforms) = postSolution
		{D4E6360F-6788-4F7D-B817-C74BD5E51B47}.Debug|Any CPU.ActiveCfg = Debug|Any CPU
		{D4E6360F-6788-4F7D-B817-C74BD5E51B47}.Debug|Any CPU.Build.0 = Debug|Any CPU
		{D4E6360F-6788-4F7D-B817-C74BD5E51B47}.Release|Any CPU.ActiveCfg = Release|Any CPU
		{D4E6360F-6788-4F7D-B817-C74BD5E51B47}.Release|Any CPU.Build.0 = Release|Any CPU
	EndGlobalSection
	GlobalSection(SolutionProperties) = preSolution
		HideSolutionNode = FALSE
	EndGlobalSection
	GlobalSection(ExtensibilityGlobals) = postSolution
		SolutionGuid = {5F61069B-744A-4EFE-A189-DCE356E71A1B}
	EndGlobalSection
EndGlobal
