
Microsoft Visual Studio Solution File, Format Version 12.00
# Visual Studio Version 16
VisualStudioVersion = 16.0.29519.181
MinimumVisualStudioVersion = 10.0.40219.1
Project("{FAE04EC0-301F-11D3-BF4B-00C04F79EFBC}") = "_40_Nearest20", "_40_Nearest20.csproj", "{B0E0E264-B45A-4CA3-92D2-B4BA0A18A82B}"
EndProject
Global
	GlobalSection(SolutionConfigurationPlatforms) = preSolution
		Debug|Any CPU = Debug|Any CPU
		Release|Any CPU = Release|Any CPU
	EndGlobalSection
	GlobalSection(ProjectConfigurationPlatforms) = postSolution
		{B0E0E264-B45A-4CA3-92D2-B4BA0A18A82B}.Debug|Any CPU.ActiveCfg = Debug|Any CPU
		{B0E0E264-B45A-4CA3-92D2-B4BA0A18A82B}.Debug|Any CPU.Build.0 = Debug|Any CPU
		{B0E0E264-B45A-4CA3-92D2-B4BA0A18A82B}.Release|Any CPU.ActiveCfg = Release|Any CPU
		{B0E0E264-B45A-4CA3-92D2-B4BA0A18A82B}.Release|Any CPU.Build.0 = Release|Any CPU
	EndGlobalSection
	GlobalSection(SolutionProperties) = preSolution
		HideSolutionNode = FALSE
	EndGlobalSection
	GlobalSection(ExtensibilityGlobals) = postSolution
		SolutionGuid = {982A8E31-6446-4700-8D8B-17F5C7DDD123}
	EndGlobalSection
EndGlobal
