
Microsoft Visual Studio Solution File, Format Version 12.00
# Visual Studio Version 16
VisualStudioVersion = 16.0.29509.3
MinimumVisualStudioVersion = 10.0.40219.1
Project("{FAE04EC0-301F-11D3-BF4B-00C04F79EFBC}") = "objectPjt", "objectPjt\objectPjt.csproj", "{50B2877E-C9F9-4B4D-9F4B-1841E1884B82}"
EndProject
Global
	GlobalSection(SolutionConfigurationPlatforms) = preSolution
		Debug|Any CPU = Debug|Any CPU
		Release|Any CPU = Release|Any CPU
	EndGlobalSection
	GlobalSection(ProjectConfigurationPlatforms) = postSolution
		{50B2877E-C9F9-4B4D-9F4B-1841E1884B82}.Debug|Any CPU.ActiveCfg = Debug|Any CPU
		{50B2877E-C9F9-4B4D-9F4B-1841E1884B82}.Debug|Any CPU.Build.0 = Debug|Any CPU
		{50B2877E-C9F9-4B4D-9F4B-1841E1884B82}.Release|Any CPU.ActiveCfg = Release|Any CPU
		{50B2877E-C9F9-4B4D-9F4B-1841E1884B82}.Release|Any CPU.Build.0 = Release|Any CPU
	EndGlobalSection
	GlobalSection(SolutionProperties) = preSolution
		HideSolutionNode = FALSE
	EndGlobalSection
	GlobalSection(ExtensibilityGlobals) = postSolution
		SolutionGuid = {ED551654-1184-4C4B-9E97-2BF8FB27F660}
	EndGlobalSection
EndGlobal
