
Microsoft Visual Studio Solution File, Format Version 12.00
# Visual Studio Version 16
VisualStudioVersion = 16.0.29519.181
MinimumVisualStudioVersion = 10.0.40219.1
Project("{FAE04EC0-301F-11D3-BF4B-00C04F79EFBC}") = "multiCalculator", "multiCalculator.csproj", "{A8E6C661-9F85-4C04-B154-9844B03CFB78}"
EndProject
Global
	GlobalSection(SolutionConfigurationPlatforms) = preSolution
		Debug|Any CPU = Debug|Any CPU
		Release|Any CPU = Release|Any CPU
	EndGlobalSection
	GlobalSection(ProjectConfigurationPlatforms) = postSolution
		{A8E6C661-9F85-4C04-B154-9844B03CFB78}.Debug|Any CPU.ActiveCfg = Debug|Any CPU
		{A8E6C661-9F85-4C04-B154-9844B03CFB78}.Debug|Any CPU.Build.0 = Debug|Any CPU
		{A8E6C661-9F85-4C04-B154-9844B03CFB78}.Release|Any CPU.ActiveCfg = Release|Any CPU
		{A8E6C661-9F85-4C04-B154-9844B03CFB78}.Release|Any CPU.Build.0 = Release|Any CPU
	EndGlobalSection
	GlobalSection(SolutionProperties) = preSolution
		HideSolutionNode = FALSE
	EndGlobalSection
	GlobalSection(ExtensibilityGlobals) = postSolution
		SolutionGuid = {18FC67DE-61D4-4993-94A9-7DAF806F03FF}
	EndGlobalSection
EndGlobal
