
Microsoft Visual Studio Solution File, Format Version 12.00
# Visual Studio Version 16
VisualStudioVersion = 16.0.29519.181
MinimumVisualStudioVersion = 10.0.40219.1
Project("{FAE04EC0-301F-11D3-BF4B-00C04F79EFBC}") = "CSC205_Method_Sample_2", "CSC205_Method_Sample_2.csproj", "{64FECB8E-1588-48D9-A96B-35DFC6A46EF7}"
EndProject
Global
	GlobalSection(SolutionConfigurationPlatforms) = preSolution
		Debug|Any CPU = Debug|Any CPU
		Release|Any CPU = Release|Any CPU
	EndGlobalSection
	GlobalSection(ProjectConfigurationPlatforms) = postSolution
		{64FECB8E-1588-48D9-A96B-35DFC6A46EF7}.Debug|Any CPU.ActiveCfg = Debug|Any CPU
		{64FECB8E-1588-48D9-A96B-35DFC6A46EF7}.Debug|Any CPU.Build.0 = Debug|Any CPU
		{64FECB8E-1588-48D9-A96B-35DFC6A46EF7}.Release|Any CPU.ActiveCfg = Release|Any CPU
		{64FECB8E-1588-48D9-A96B-35DFC6A46EF7}.Release|Any CPU.Build.0 = Release|Any CPU
	EndGlobalSection
	GlobalSection(SolutionProperties) = preSolution
		HideSolutionNode = FALSE
	EndGlobalSection
	GlobalSection(ExtensibilityGlobals) = postSolution
		SolutionGuid = {2A3FAAF3-47B9-4E64-9296-12998EFE7172}
	EndGlobalSection
EndGlobal
