
Microsoft Visual Studio Solution File, Format Version 12.00
# Visual Studio Version 16
VisualStudioVersion = 16.0.29519.181
MinimumVisualStudioVersion = 10.0.40219.1
Project("{FAE04EC0-301F-11D3-BF4B-00C04F79EFBC}") = "_58HowManyIntegersNeededToCompleteRange", "_58HowManyIntegersNeededToCompleteRange.csproj", "{1349392C-FC72-4D09-95AD-FA61037A4BF6}"
EndProject
Global
	GlobalSection(SolutionConfigurationPlatforms) = preSolution
		Debug|Any CPU = Debug|Any CPU
		Release|Any CPU = Release|Any CPU
	EndGlobalSection
	GlobalSection(ProjectConfigurationPlatforms) = postSolution
		{1349392C-FC72-4D09-95AD-FA61037A4BF6}.Debug|Any CPU.ActiveCfg = Debug|Any CPU
		{1349392C-FC72-4D09-95AD-FA61037A4BF6}.Debug|Any CPU.Build.0 = Debug|Any CPU
		{1349392C-FC72-4D09-95AD-FA61037A4BF6}.Release|Any CPU.ActiveCfg = Release|Any CPU
		{1349392C-FC72-4D09-95AD-FA61037A4BF6}.Release|Any CPU.Build.0 = Release|Any CPU
	EndGlobalSection
	GlobalSection(SolutionProperties) = preSolution
		HideSolutionNode = FALSE
	EndGlobalSection
	GlobalSection(ExtensibilityGlobals) = postSolution
		SolutionGuid = {C564C956-58AF-43FA-934B-80108DEC55D1}
	EndGlobalSection
EndGlobal
