
Microsoft Visual Studio Solution File, Format Version 12.00
# Visual Studio Version 16
VisualStudioVersion = 16.0.29519.181
MinimumVisualStudioVersion = 10.0.40219.1
Project("{FAE04EC0-301F-11D3-BF4B-00C04F79EFBC}") = "_47SumOfArray", "_47SumOfArray.csproj", "{FFD8B76D-A080-436C-AFCD-79FEAE94EF1F}"
EndProject
Global
	GlobalSection(SolutionConfigurationPlatforms) = preSolution
		Debug|Any CPU = Debug|Any CPU
		Release|Any CPU = Release|Any CPU
	EndGlobalSection
	GlobalSection(ProjectConfigurationPlatforms) = postSolution
		{FFD8B76D-A080-436C-AFCD-79FEAE94EF1F}.Debug|Any CPU.ActiveCfg = Debug|Any CPU
		{FFD8B76D-A080-436C-AFCD-79FEAE94EF1F}.Debug|Any CPU.Build.0 = Debug|Any CPU
		{FFD8B76D-A080-436C-AFCD-79FEAE94EF1F}.Release|Any CPU.ActiveCfg = Release|Any CPU
		{FFD8B76D-A080-436C-AFCD-79FEAE94EF1F}.Release|Any CPU.Build.0 = Release|Any CPU
	EndGlobalSection
	GlobalSection(SolutionProperties) = preSolution
		HideSolutionNode = FALSE
	EndGlobalSection
	GlobalSection(ExtensibilityGlobals) = postSolution
		SolutionGuid = {119D744D-C94B-462A-9ED4-2E6903CB7EFA}
	EndGlobalSection
EndGlobal
