
Microsoft Visual Studio Solution File, Format Version 12.00
# Visual Studio Version 16
VisualStudioVersion = 16.0.29509.3
MinimumVisualStudioVersion = 10.0.40219.1
Project("{FAE04EC0-301F-11D3-BF4B-00C04F79EFBC}") = "GenericPjt", "GenericPjt\GenericPjt.csproj", "{2B79FDC2-62A8-43D7-AB97-B69ADAFC2009}"
EndProject
Global
	GlobalSection(SolutionConfigurationPlatforms) = preSolution
		Debug|Any CPU = Debug|Any CPU
		Release|Any CPU = Release|Any CPU
	EndGlobalSection
	GlobalSection(ProjectConfigurationPlatforms) = postSolution
		{2B79FDC2-62A8-43D7-AB97-B69ADAFC2009}.Debug|Any CPU.ActiveCfg = Debug|Any CPU
		{2B79FDC2-62A8-43D7-AB97-B69ADAFC2009}.Debug|Any CPU.Build.0 = Debug|Any CPU
		{2B79FDC2-62A8-43D7-AB97-B69ADAFC2009}.Release|Any CPU.ActiveCfg = Release|Any CPU
		{2B79FDC2-62A8-43D7-AB97-B69ADAFC2009}.Release|Any CPU.Build.0 = Release|Any CPU
	EndGlobalSection
	GlobalSection(SolutionProperties) = preSolution
		HideSolutionNode = FALSE
	EndGlobalSection
	GlobalSection(ExtensibilityGlobals) = postSolution
		SolutionGuid = {2CFD89C8-E761-4B35-A0B0-D290E7ECCADB}
	EndGlobalSection
EndGlobal
