
Microsoft Visual Studio Solution File, Format Version 12.00
# Visual Studio Version 16
VisualStudioVersion = 16.0.29519.181
MinimumVisualStudioVersion = 10.0.40219.1
Project("{FAE04EC0-301F-11D3-BF4B-00C04F79EFBC}") = "CSC205_Midterm_Project", "CSC205_Midterm_Project.csproj", "{7D49D578-E47E-4A43-83DE-08CE697627F9}"
EndProject
Global
	GlobalSection(SolutionConfigurationPlatforms) = preSolution
		Debug|Any CPU = Debug|Any CPU
		Release|Any CPU = Release|Any CPU
	EndGlobalSection
	GlobalSection(ProjectConfigurationPlatforms) = postSolution
		{7D49D578-E47E-4A43-83DE-08CE697627F9}.Debug|Any CPU.ActiveCfg = Debug|Any CPU
		{7D49D578-E47E-4A43-83DE-08CE697627F9}.Debug|Any CPU.Build.0 = Debug|Any CPU
		{7D49D578-E47E-4A43-83DE-08CE697627F9}.Release|Any CPU.ActiveCfg = Release|Any CPU
		{7D49D578-E47E-4A43-83DE-08CE697627F9}.Release|Any CPU.Build.0 = Release|Any CPU
	EndGlobalSection
	GlobalSection(SolutionProperties) = preSolution
		HideSolutionNode = FALSE
	EndGlobalSection
	GlobalSection(ExtensibilityGlobals) = postSolution
		SolutionGuid = {651214C0-1C15-45C0-801B-984820DB971F}
	EndGlobalSection
EndGlobal
