
Microsoft Visual Studio Solution File, Format Version 12.00
# Visual Studio Version 16
VisualStudioVersion = 16.0.29519.181
MinimumVisualStudioVersion = 10.0.40219.1
Project("{FAE04EC0-301F-11D3-BF4B-00C04F79EFBC}") = "SumOfDigitsOfInteger", "SumOfDigitsOfInteger.csproj", "{288061A7-6783-440A-8A1F-3013A2350818}"
EndProject
Global
	GlobalSection(SolutionConfigurationPlatforms) = preSolution
		Debug|Any CPU = Debug|Any CPU
		Release|Any CPU = Release|Any CPU
	EndGlobalSection
	GlobalSection(ProjectConfigurationPlatforms) = postSolution
		{288061A7-6783-440A-8A1F-3013A2350818}.Debug|Any CPU.ActiveCfg = Debug|Any CPU
		{288061A7-6783-440A-8A1F-3013A2350818}.Debug|Any CPU.Build.0 = Debug|Any CPU
		{288061A7-6783-440A-8A1F-3013A2350818}.Release|Any CPU.ActiveCfg = Release|Any CPU
		{288061A7-6783-440A-8A1F-3013A2350818}.Release|Any CPU.Build.0 = Release|Any CPU
	EndGlobalSection
	GlobalSection(SolutionProperties) = preSolution
		HideSolutionNode = FALSE
	EndGlobalSection
	GlobalSection(ExtensibilityGlobals) = postSolution
		SolutionGuid = {4D68087E-FA29-48B6-B821-B6194C477EF2}
	EndGlobalSection
EndGlobal
