
Microsoft Visual Studio Solution File, Format Version 12.00
# Visual Studio Version 16
VisualStudioVersion = 16.0.29519.181
MinimumVisualStudioVersion = 10.0.40219.1
Project("{FAE04EC0-301F-11D3-BF4B-00C04F79EFBC}") = "MultiplyTwoArrayInt_31", "MultiplyTwoArrayInt_31.csproj", "{1147E8C9-CECE-43E6-974A-357025F307B1}"
EndProject
Global
	GlobalSection(SolutionConfigurationPlatforms) = preSolution
		Debug|Any CPU = Debug|Any CPU
		Release|Any CPU = Release|Any CPU
	EndGlobalSection
	GlobalSection(ProjectConfigurationPlatforms) = postSolution
		{1147E8C9-CECE-43E6-974A-357025F307B1}.Debug|Any CPU.ActiveCfg = Debug|Any CPU
		{1147E8C9-CECE-43E6-974A-357025F307B1}.Debug|Any CPU.Build.0 = Debug|Any CPU
		{1147E8C9-CECE-43E6-974A-357025F307B1}.Release|Any CPU.ActiveCfg = Release|Any CPU
		{1147E8C9-CECE-43E6-974A-357025F307B1}.Release|Any CPU.Build.0 = Release|Any CPU
	EndGlobalSection
	GlobalSection(SolutionProperties) = preSolution
		HideSolutionNode = FALSE
	EndGlobalSection
	GlobalSection(ExtensibilityGlobals) = postSolution
		SolutionGuid = {0DAB1905-089C-43C3-9668-F44561881CB9}
	EndGlobalSection
EndGlobal
