
Microsoft Visual Studio Solution File, Format Version 12.00
# Visual Studio Version 16
VisualStudioVersion = 16.0.29519.181
MinimumVisualStudioVersion = 10.0.40219.1
Project("{FAE04EC0-301F-11D3-BF4B-00C04F79EFBC}") = "_2_Absolute_Difference_Between_51", "_2_Absolute_Difference_Between_51.csproj", "{D9C5EC18-A625-4F89-88E8-753C49E3986B}"
EndProject
Global
	GlobalSection(SolutionConfigurationPlatforms) = preSolution
		Debug|Any CPU = Debug|Any CPU
		Release|Any CPU = Release|Any CPU
	EndGlobalSection
	GlobalSection(ProjectConfigurationPlatforms) = postSolution
		{D9C5EC18-A625-4F89-88E8-753C49E3986B}.Debug|Any CPU.ActiveCfg = Debug|Any CPU
		{D9C5EC18-A625-4F89-88E8-753C49E3986B}.Debug|Any CPU.Build.0 = Debug|Any CPU
		{D9C5EC18-A625-4F89-88E8-753C49E3986B}.Release|Any CPU.ActiveCfg = Release|Any CPU
		{D9C5EC18-A625-4F89-88E8-753C49E3986B}.Release|Any CPU.Build.0 = Release|Any CPU
	EndGlobalSection
	GlobalSection(SolutionProperties) = preSolution
		HideSolutionNode = FALSE
	EndGlobalSection
	GlobalSection(ExtensibilityGlobals) = postSolution
		SolutionGuid = {385E6E8F-9367-4D32-AFF1-C2A1ADE4AAEF}
	EndGlobalSection
EndGlobal
