
Microsoft Visual Studio Solution File, Format Version 12.00
# Visual Studio Version 16
VisualStudioVersion = 16.0.29509.3
MinimumVisualStudioVersion = 10.0.40219.1
Project("{FAE04EC0-301F-11D3-BF4B-00C04F79EFBC}") = "arrayPjt", "arrayPjt\arrayPjt.csproj", "{9AD6419D-0E60-4399-B3A6-42F3E3797330}"
EndProject
Global
	GlobalSection(SolutionConfigurationPlatforms) = preSolution
		Debug|Any CPU = Debug|Any CPU
		Release|Any CPU = Release|Any CPU
	EndGlobalSection
	GlobalSection(ProjectConfigurationPlatforms) = postSolution
		{9AD6419D-0E60-4399-B3A6-42F3E3797330}.Debug|Any CPU.ActiveCfg = Debug|Any CPU
		{9AD6419D-0E60-4399-B3A6-42F3E3797330}.Debug|Any CPU.Build.0 = Debug|Any CPU
		{9AD6419D-0E60-4399-B3A6-42F3E3797330}.Release|Any CPU.ActiveCfg = Release|Any CPU
		{9AD6419D-0E60-4399-B3A6-42F3E3797330}.Release|Any CPU.Build.0 = Release|Any CPU
	EndGlobalSection
	GlobalSection(SolutionProperties) = preSolution
		HideSolutionNode = FALSE
	EndGlobalSection
	GlobalSection(ExtensibilityGlobals) = postSolution
		SolutionGuid = {C300F978-0499-477F-B15D-564C97A267DC}
	EndGlobalSection
EndGlobal
