
Microsoft Visual Studio Solution File, Format Version 12.00
# Visual Studio Version 16
VisualStudioVersion = 16.0.29519.181
MinimumVisualStudioVersion = 10.0.40219.1
Project("{FAE04EC0-301F-11D3-BF4B-00C04F79EFBC}") = "StartWithString_34", "StartWithString_34.csproj", "{F45FB0C9-B4EC-4023-83E8-7143D0247EAB}"
EndProject
Global
	GlobalSection(SolutionConfigurationPlatforms) = preSolution
		Debug|Any CPU = Debug|Any CPU
		Release|Any CPU = Release|Any CPU
	EndGlobalSection
	GlobalSection(ProjectConfigurationPlatforms) = postSolution
		{F45FB0C9-B4EC-4023-83E8-7143D0247EAB}.Debug|Any CPU.ActiveCfg = Debug|Any CPU
		{F45FB0C9-B4EC-4023-83E8-7143D0247EAB}.Debug|Any CPU.Build.0 = Debug|Any CPU
		{F45FB0C9-B4EC-4023-83E8-7143D0247EAB}.Release|Any CPU.ActiveCfg = Release|Any CPU
		{F45FB0C9-B4EC-4023-83E8-7143D0247EAB}.Release|Any CPU.Build.0 = Release|Any CPU
	EndGlobalSection
	GlobalSection(SolutionProperties) = preSolution
		HideSolutionNode = FALSE
	EndGlobalSection
	GlobalSection(ExtensibilityGlobals) = postSolution
		SolutionGuid = {DE95FC5F-EB07-4406-AEC7-C408B9E306A7}
	EndGlobalSection
EndGlobal
