
Microsoft Visual Studio Solution File, Format Version 12.00
# Visual Studio Version 16
VisualStudioVersion = 16.0.29519.181
MinimumVisualStudioVersion = 10.0.40219.1
Project("{FAE04EC0-301F-11D3-BF4B-00C04F79EFBC}") = "CSC205_inclass_Assignment_2", "CSC205_inclass_Assignment_2.csproj", "{AC281403-65D8-44A1-84F1-F1E679E8662D}"
EndProject
Global
	GlobalSection(SolutionConfigurationPlatforms) = preSolution
		Debug|Any CPU = Debug|Any CPU
		Release|Any CPU = Release|Any CPU
	EndGlobalSection
	GlobalSection(ProjectConfigurationPlatforms) = postSolution
		{AC281403-65D8-44A1-84F1-F1E679E8662D}.Debug|Any CPU.ActiveCfg = Debug|Any CPU
		{AC281403-65D8-44A1-84F1-F1E679E8662D}.Debug|Any CPU.Build.0 = Debug|Any CPU
		{AC281403-65D8-44A1-84F1-F1E679E8662D}.Release|Any CPU.ActiveCfg = Release|Any CPU
		{AC281403-65D8-44A1-84F1-F1E679E8662D}.Release|Any CPU.Build.0 = Release|Any CPU
	EndGlobalSection
	GlobalSection(SolutionProperties) = preSolution
		HideSolutionNode = FALSE
	EndGlobalSection
	GlobalSection(ExtensibilityGlobals) = postSolution
		SolutionGuid = {69626072-593C-4D80-814E-A799B315E9AA}
	EndGlobalSection
EndGlobal
