
Microsoft Visual Studio Solution File, Format Version 12.00
# Visual Studio Version 16
VisualStudioVersion = 16.0.29519.181
MinimumVisualStudioVersion = 10.0.40219.1
Project("{FAE04EC0-301F-11D3-BF4B-00C04F79EFBC}") = "CSC205_Creating_Methods", "CSC205_Creating_Methods.csproj", "{EEA6E573-BB90-4E89-8665-041E14B71127}"
EndProject
Global
	GlobalSection(SolutionConfigurationPlatforms) = preSolution
		Debug|Any CPU = Debug|Any CPU
		Release|Any CPU = Release|Any CPU
	EndGlobalSection
	GlobalSection(ProjectConfigurationPlatforms) = postSolution
		{EEA6E573-BB90-4E89-8665-041E14B71127}.Debug|Any CPU.ActiveCfg = Debug|Any CPU
		{EEA6E573-BB90-4E89-8665-041E14B71127}.Debug|Any CPU.Build.0 = Debug|Any CPU
		{EEA6E573-BB90-4E89-8665-041E14B71127}.Release|Any CPU.ActiveCfg = Release|Any CPU
		{EEA6E573-BB90-4E89-8665-041E14B71127}.Release|Any CPU.Build.0 = Release|Any CPU
	EndGlobalSection
	GlobalSection(SolutionProperties) = preSolution
		HideSolutionNode = FALSE
	EndGlobalSection
	GlobalSection(ExtensibilityGlobals) = postSolution
		SolutionGuid = {082EB98D-B52D-4D43-8FEC-E7C983B480DA}
	EndGlobalSection
EndGlobal
