
Microsoft Visual Studio Solution File, Format Version 12.00
# Visual Studio Version 16
VisualStudioVersion = 16.0.29519.181
MinimumVisualStudioVersion = 10.0.40219.1
Project("{FAE04EC0-301F-11D3-BF4B-00C04F79EFBC}") = "_46_firstOrLastArray_Length", "_46_firstOrLastArray_Length.csproj", "{E80B34E1-A4C5-44AD-9DEA-4E9FC725FAC8}"
EndProject
Global
	GlobalSection(SolutionConfigurationPlatforms) = preSolution
		Debug|Any CPU = Debug|Any CPU
		Release|Any CPU = Release|Any CPU
	EndGlobalSection
	GlobalSection(ProjectConfigurationPlatforms) = postSolution
		{E80B34E1-A4C5-44AD-9DEA-4E9FC725FAC8}.Debug|Any CPU.ActiveCfg = Debug|Any CPU
		{E80B34E1-A4C5-44AD-9DEA-4E9FC725FAC8}.Debug|Any CPU.Build.0 = Debug|Any CPU
		{E80B34E1-A4C5-44AD-9DEA-4E9FC725FAC8}.Release|Any CPU.ActiveCfg = Release|Any CPU
		{E80B34E1-A4C5-44AD-9DEA-4E9FC725FAC8}.Release|Any CPU.Build.0 = Release|Any CPU
	EndGlobalSection
	GlobalSection(SolutionProperties) = preSolution
		HideSolutionNode = FALSE
	EndGlobalSection
	GlobalSection(ExtensibilityGlobals) = postSolution
		SolutionGuid = {C9279783-8FA2-4115-A599-2E2EBEF99F28}
	EndGlobalSection
EndGlobal
