
Microsoft Visual Studio Solution File, Format Version 12.00
# Visual Studio Version 16
VisualStudioVersion = 16.0.29519.181
MinimumVisualStudioVersion = 10.0.40219.1
Project("{FAE04EC0-301F-11D3-BF4B-00C04F79EFBC}") = "Array_Example_2", "Array_Example_2.csproj", "{B105BDEE-DF99-4856-BFF6-BB631DE48DEA}"
EndProject
Global
	GlobalSection(SolutionConfigurationPlatforms) = preSolution
		Debug|Any CPU = Debug|Any CPU
		Release|Any CPU = Release|Any CPU
	EndGlobalSection
	GlobalSection(ProjectConfigurationPlatforms) = postSolution
		{B105BDEE-DF99-4856-BFF6-BB631DE48DEA}.Debug|Any CPU.ActiveCfg = Debug|Any CPU
		{B105BDEE-DF99-4856-BFF6-BB631DE48DEA}.Debug|Any CPU.Build.0 = Debug|Any CPU
		{B105BDEE-DF99-4856-BFF6-BB631DE48DEA}.Release|Any CPU.ActiveCfg = Release|Any CPU
		{B105BDEE-DF99-4856-BFF6-BB631DE48DEA}.Release|Any CPU.Build.0 = Release|Any CPU
	EndGlobalSection
	GlobalSection(SolutionProperties) = preSolution
		HideSolutionNode = FALSE
	EndGlobalSection
	GlobalSection(ExtensibilityGlobals) = postSolution
		SolutionGuid = {5A19BA2B-061A-4639-8E1E-00CE3CE5BA14}
	EndGlobalSection
EndGlobal
