
Microsoft Visual Studio Solution File, Format Version 12.00
# Visual Studio Version 16
VisualStudioVersion = 16.0.29519.181
MinimumVisualStudioVersion = 10.0.40219.1
Project("{FAE04EC0-301F-11D3-BF4B-00C04F79EFBC}") = "_44_oddPositionChracters", "_44_oddPositionChracters.csproj", "{5FF7F562-5E72-4E34-B9FE-EA15CAE0CDC6}"
EndProject
Global
	GlobalSection(SolutionConfigurationPlatforms) = preSolution
		Debug|Any CPU = Debug|Any CPU
		Release|Any CPU = Release|Any CPU
	EndGlobalSection
	GlobalSection(ProjectConfigurationPlatforms) = postSolution
		{5FF7F562-5E72-4E34-B9FE-EA15CAE0CDC6}.Debug|Any CPU.ActiveCfg = Debug|Any CPU
		{5FF7F562-5E72-4E34-B9FE-EA15CAE0CDC6}.Debug|Any CPU.Build.0 = Debug|Any CPU
		{5FF7F562-5E72-4E34-B9FE-EA15CAE0CDC6}.Release|Any CPU.ActiveCfg = Release|Any CPU
		{5FF7F562-5E72-4E34-B9FE-EA15CAE0CDC6}.Release|Any CPU.Build.0 = Release|Any CPU
	EndGlobalSection
	GlobalSection(SolutionProperties) = preSolution
		HideSolutionNode = FALSE
	EndGlobalSection
	GlobalSection(ExtensibilityGlobals) = postSolution
		SolutionGuid = {7E0191F8-79FC-4582-8C6D-B02E649A615B}
	EndGlobalSection
EndGlobal
