
Microsoft Visual Studio Solution File, Format Version 12.00
# Visual Studio Version 16
VisualStudioVersion = 16.0.29509.3
MinimumVisualStudioVersion = 10.0.40219.1
Project("{FAE04EC0-301F-11D3-BF4B-00C04F79EFBC}") = "interfacePjt", "interfacePjt\interfacePjt.csproj", "{849B3ABB-D5BF-4DFA-A1BF-9D364180E569}"
EndProject
Global
	GlobalSection(SolutionConfigurationPlatforms) = preSolution
		Debug|Any CPU = Debug|Any CPU
		Release|Any CPU = Release|Any CPU
	EndGlobalSection
	GlobalSection(ProjectConfigurationPlatforms) = postSolution
		{849B3ABB-D5BF-4DFA-A1BF-9D364180E569}.Debug|Any CPU.ActiveCfg = Debug|Any CPU
		{849B3ABB-D5BF-4DFA-A1BF-9D364180E569}.Debug|Any CPU.Build.0 = Debug|Any CPU
		{849B3ABB-D5BF-4DFA-A1BF-9D364180E569}.Release|Any CPU.ActiveCfg = Release|Any CPU
		{849B3ABB-D5BF-4DFA-A1BF-9D364180E569}.Release|Any CPU.Build.0 = Release|Any CPU
	EndGlobalSection
	GlobalSection(SolutionProperties) = preSolution
		HideSolutionNode = FALSE
	EndGlobalSection
	GlobalSection(ExtensibilityGlobals) = postSolution
		SolutionGuid = {1AF4D449-F238-4904-A679-ADBDAA844D22}
	EndGlobalSection
EndGlobal
