
Microsoft Visual Studio Solution File, Format Version 12.00
# Visual Studio Version 16
VisualStudioVersion = 16.0.29519.181
MinimumVisualStudioVersion = 10.0.40219.1
Project("{FAE04EC0-301F-11D3-BF4B-00C04F79EFBC}") = "Swap_two_numbers", "Swap_two_numbers\Swap_two_numbers.csproj", "{685DEAD2-4FA4-451A-86CF-E507CD6EB38A}"
EndProject
Global
	GlobalSection(SolutionConfigurationPlatforms) = preSolution
		Debug|Any CPU = Debug|Any CPU
		Release|Any CPU = Release|Any CPU
	EndGlobalSection
	GlobalSection(ProjectConfigurationPlatforms) = postSolution
		{685DEAD2-4FA4-451A-86CF-E507CD6EB38A}.Debug|Any CPU.ActiveCfg = Debug|Any CPU
		{685DEAD2-4FA4-451A-86CF-E507CD6EB38A}.Debug|Any CPU.Build.0 = Debug|Any CPU
		{685DEAD2-4FA4-451A-86CF-E507CD6EB38A}.Release|Any CPU.ActiveCfg = Release|Any CPU
		{685DEAD2-4FA4-451A-86CF-E507CD6EB38A}.Release|Any CPU.Build.0 = Release|Any CPU
	EndGlobalSection
	GlobalSection(SolutionProperties) = preSolution
		HideSolutionNode = FALSE
	EndGlobalSection
	GlobalSection(ExtensibilityGlobals) = postSolution
		SolutionGuid = {4BECBC96-E434-40B7-BFEB-D533637B560C}
	EndGlobalSection
EndGlobal
